
Microsoft Visual Studio Solution File, Format Version 12.00
# Visual Studio 2012
Project("{FAE04EC0-301F-11D3-BF4B-00C04F79EFBC}") = "ASPNETSample01", "ASPNETSample01\ASPNETSample01.csproj", "{0A1DE212-0BBC-4582-9514-3078B28C4217}"
EndProject
Project("{FAE04EC0-301F-11D3-BF4B-00C04F79EFBC}") = "ASPNETSample03", "ASPNETSample03\ASPNETSample03.csproj", "{4F81B5CE-8EB7-4E2B-9BB3-CAA281438387}"
EndProject
Global
	GlobalSection(SolutionConfigurationPlatforms) = preSolution
		Debug|Any CPU = Debug|Any CPU
		Release|Any CPU = Release|Any CPU
	EndGlobalSection
	GlobalSection(ProjectConfigurationPlatforms) = postSolution
		{0A1DE212-0BBC-4582-9514-3078B28C4217}.Debug|Any CPU.ActiveCfg = Debug|Any CPU
		{0A1DE212-0BBC-4582-9514-3078B28C4217}.Debug|Any CPU.Build.0 = Debug|Any CPU
		{0A1DE212-0BBC-4582-9514-3078B28C4217}.Release|Any CPU.ActiveCfg = Release|Any CPU
		{0A1DE212-0BBC-4582-9514-3078B28C4217}.Release|Any CPU.Build.0 = Release|Any CPU
		{4F81B5CE-8EB7-4E2B-9BB3-CAA281438387}.Debug|Any CPU.ActiveCfg = Debug|Any CPU
		{4F81B5CE-8EB7-4E2B-9BB3-CAA281438387}.Debug|Any CPU.Build.0 = Debug|Any CPU
		{4F81B5CE-8EB7-4E2B-9BB3-CAA281438387}.Release|Any CPU.ActiveCfg = Release|Any CPU
		{4F81B5CE-8EB7-4E2B-9BB3-CAA281438387}.Release|Any CPU.Build.0 = Release|Any CPU
	EndGlobalSection
	GlobalSection(SolutionProperties) = preSolution
		HideSolutionNode = FALSE
	EndGlobalSection
EndGlobal
